{
  "nodes": {
    "devenv": {
      "locked": {
        "dir": "src/modules",
        "lastModified": 1713511575,
        "owner": "cachix",
        "repo": "devenv",
        "rev": "11e7d3ef56f542e70f138069fe9b95401c2143c8",
        "treeHash": "d951cb19967b7848db10d8b828f1090fe23264b4",
        "type": "github"
      },
      "original": {
        "dir": "src/modules",
        "owner": "cachix",
        "repo": "devenv",
        "type": "github"
      }
    },
    "fenix": {
      "inputs": {
        "nixpkgs": [
          "nixpkgs"
        ],
        "rust-analyzer-src": "rust-analyzer-src"
      },
      "locked": {
        "lastModified": 1713421495,
        "owner": "nix-community",
        "repo": "fenix",
        "rev": "fd47b1f9404fae02a4f38bd9f4b12bad7833c96b",
        "treeHash": "edb4955fede66d1b915dc8ffc994e93e23464a97",
        "type": "github"
      },
      "original": {
        "owner": "nix-community",
        "repo": "fenix",
        "type": "github"
      }
    },
    "flake-compat": {
      "flake": false,
      "locked": {
        "lastModified": 1696426674,
        "owner": "edolstra",
        "repo": "flake-compat",
        "rev": "0f9255e01c2351cc7d116c072cb317785dd33b33",
        "treeHash": "2addb7b71a20a25ea74feeaf5c2f6a6b30898ecb",
        "type": "github"
      },
      "original": {
        "owner": "edolstra",
        "repo": "flake-compat",
        "type": "github"
      }
    },
    "flake-utils": {
      "inputs": {
        "systems": "systems"
      },
      "locked": {
        "lastModified": 1710146030,
        "owner": "numtide",
        "repo": "flake-utils",
        "rev": "b1d9ab70662946ef0850d488da1c9019f3a9752a",
        "treeHash": "bd263f021e345cb4a39d80c126ab650bebc3c10c",
        "type": "github"
      },
      "original": {
        "owner": "numtide",
        "repo": "flake-utils",
        "type": "github"
      }
    },
    "gitignore": {
      "inputs": {
        "nixpkgs": [
          "pre-commit-hooks",
          "nixpkgs"
        ]
      },
      "locked": {
        "lastModified": 1709087332,
        "owner": "hercules-ci",
        "repo": "gitignore.nix",
        "rev": "637db329424fd7e46cf4185293b9cc8c88c95394",
        "treeHash": "ca14199cabdfe1a06a7b1654c76ed49100a689f9",
        "type": "github"
      },
      "original": {
        "owner": "hercules-ci",
        "repo": "gitignore.nix",
        "type": "github"
      }
    },
    "nixpkgs": {
      "locked": {
        "lastModified": 1713361204,
        "owner": "cachix",
        "repo": "devenv-nixpkgs",
        "rev": "285676e87ad9f0ca23d8714a6ab61e7e027020c6",
        "treeHash": "50354b35a3e0277d4a83a0a88fa0b0866b5f392f",
        "type": "github"
      },
      "original": {
        "owner": "cachix",
        "ref": "rolling",
        "repo": "devenv-nixpkgs",
        "type": "github"
      }
    },
    "nixpkgs-2305": {
      "locked": {
        "lastModified": 1704290814,
        "owner": "NixOS",
        "repo": "nixpkgs",
        "rev": "70bdadeb94ffc8806c0570eb5c2695ad29f0e421",
        "treeHash": "a0ee02eceb71106d608605419182d174044030d9",
        "type": "github"
      },
      "original": {
        "owner": "NixOS",
        "ref": "nixos-23.05",
        "repo": "nixpkgs",
        "type": "github"
      }
    },
    "nixpkgs-stable": {
      "locked": {
        "lastModified": 1713344939,
        "owner": "NixOS",
        "repo": "nixpkgs",
        "rev": "e402c3eb6d88384ca6c52ef1c53e61bdc9b84ddd",
        "treeHash": "4e2828da841f6c45445424643a7c2057ca9e4e45",
        "type": "github"
      },
      "original": {
        "owner": "NixOS",
        "ref": "nixos-23.11",
        "repo": "nixpkgs",
        "type": "github"
      }
    },
    "poetry-fix": {
      "locked": {
        "lastModified": 1705472662,
        "owner": "NixOS",
        "repo": "nixpkgs",
        "rev": "a11119e186150437f9a25b8dd491dbaa44d48d90",
        "treeHash": "7356323d74b50e025ae6b6f5fc76d3c818916a41",
        "type": "github"
      },
      "original": {
        "owner": "NixOS",
        "ref": "a11119e",
        "repo": "nixpkgs",
        "type": "github"
      }
    },
    "pre-commit-hooks": {
      "inputs": {
        "flake-compat": "flake-compat",
        "flake-utils": "flake-utils",
        "gitignore": "gitignore",
        "nixpkgs": [
          "nixpkgs"
        ],
        "nixpkgs-stable": "nixpkgs-stable"
      },
      "locked": {
        "lastModified": 1712897695,
        "owner": "cachix",
        "repo": "pre-commit-hooks.nix",
        "rev": "40e6053ecb65fcbf12863338a6dcefb3f55f1bf8",
        "treeHash": "9ba338feee8e6b2193c305f46b65b0fef49816b7",
        "type": "github"
      },
      "original": {
        "owner": "cachix",
        "repo": "pre-commit-hooks.nix",
        "type": "github"
      }
    },
    "root": {
      "inputs": {
        "devenv": "devenv",
        "fenix": "fenix",
        "nixpkgs": "nixpkgs",
        "nixpkgs-2305": "nixpkgs-2305",
        "poetry-fix": "poetry-fix",
        "pre-commit-hooks": "pre-commit-hooks"
      }
    },
    "rust-analyzer-src": {
      "flake": false,
      "locked": {
        "lastModified": 1713442386,
        "owner": "rust-lang",
        "repo": "rust-analyzer",
        "rev": "af1fd88c4d3708c248323caec7c5ac52255f450f",
        "treeHash": "e9a9766d19aeeee311a6eb29a6c5e4bc3656de31",
        "type": "github"
      },
      "original": {
        "owner": "rust-lang",
        "ref": "nightly",
        "repo": "rust-analyzer",
        "type": "github"
      }
    },
    "systems": {
      "locked": {
        "lastModified": 1681028828,
        "owner": "nix-systems",
        "repo": "default",
        "rev": "da67096a3b9bf56a91d16901293e51ba5b49a27e",
        "treeHash": "cce81f2a0f0743b2eb61bc2eb6c7adbe2f2c6beb",
        "type": "github"
      },
      "original": {
        "owner": "nix-systems",
        "repo": "default",
        "type": "github"
      }
    }
  },
  "root": "root",
  "version": 7
}
